// !$*UTF8*$!
{
	archiveVersion = 1;
	classes = {
	};
	objectVersion = 50;
	objects = {

/* Begin PBXBuildFile section */
		79529CBE26A2CFF600AB7DE9 /* AppDelegate.swift in Sources */ = {isa = PBXBuildFile; fileRef = 79529CBD26A2CFF600AB7DE9 /* AppDelegate.swift */; };
		79529CC026A2CFF600AB7DE9 /* SceneDelegate.swift in Sources */ = {isa = PBXBuildFile; fileRef = 79529CBF26A2CFF600AB7DE9 /* SceneDelegate.swift */; };
		79529CC726A2CFF700AB7DE9 /* Assets.xcassets in Resources */ = {isa = PBXBuildFile; fileRef = 79529CC626A2CFF700AB7DE9 /* Assets.xcassets */; };
		79529CD526A2CFF700AB7DE9 /* TheFepiTestTests.swift in Sources */ = {isa = PBXBuildFile; fileRef = 79529CD426A2CFF700AB7DE9 /* TheFepiTestTests.swift */; };
		79529CE026A2CFF700AB7DE9 /* TheFepiTestUITests.swift in Sources */ = {isa = PBXBuildFile; fileRef = 79529CDF26A2CFF700AB7DE9 /* TheFepiTestUITests.swift */; };
		79529D1126A2D8A400AB7DE9 /* MainViewController.swift in Sources */ = {isa = PBXBuildFile; fileRef = 79529D1026A2D8A400AB7DE9 /* MainViewController.swift */; };
		79529D1926A344A900AB7DE9 /* MainViewModel.swift in Sources */ = {isa = PBXBuildFile; fileRef = 79529D1826A344A900AB7DE9 /* MainViewModel.swift */; };
		79529D1E26A344C900AB7DE9 /* MainViewContract.swift in Sources */ = {isa = PBXBuildFile; fileRef = 79529D1D26A344C900AB7DE9 /* MainViewContract.swift */; };
		79529D2526A36DD600AB7DE9 /* FTSearchBarView.swift in Sources */ = {isa = PBXBuildFile; fileRef = 79529D2426A36DD600AB7DE9 /* FTSearchBarView.swift */; };
		79529D2E26A3769F00AB7DE9 /* UISearchBarExtension.swift in Sources */ = {isa = PBXBuildFile; fileRef = 79529D2D26A3769F00AB7DE9 /* UISearchBarExtension.swift */; };
		79529D3626A37AE500AB7DE9 /* UIColorExtension.swift in Sources */ = {isa = PBXBuildFile; fileRef = 79529D3526A37AE500AB7DE9 /* UIColorExtension.swift */; };
		79529D3B26A4281300AB7DE9 /* FTTabBarView.swift in Sources */ = {isa = PBXBuildFile; fileRef = 79529D3A26A4281300AB7DE9 /* FTTabBarView.swift */; };
		79529D4026A478E300AB7DE9 /* SearchResultViewController.swift in Sources */ = {isa = PBXBuildFile; fileRef = 79529D3F26A478E300AB7DE9 /* SearchResultViewController.swift */; };
		79529D4826A4792E00AB7DE9 /* SearchResultContract.swift in Sources */ = {isa = PBXBuildFile; fileRef = 79529D4726A4792E00AB7DE9 /* SearchResultContract.swift */; };
		79529D4D26A4793D00AB7DE9 /* SearchResultViewModel.swift in Sources */ = {isa = PBXBuildFile; fileRef = 79529D4C26A4793D00AB7DE9 /* SearchResultViewModel.swift */; };
		79529D5226A47D8700AB7DE9 /* SearchResultDataSource.swift in Sources */ = {isa = PBXBuildFile; fileRef = 79529D5126A47D8700AB7DE9 /* SearchResultDataSource.swift */; };
		79529D5726A47EAE00AB7DE9 /* FTCardViewCell.swift in Sources */ = {isa = PBXBuildFile; fileRef = 79529D5626A47EAE00AB7DE9 /* FTCardViewCell.swift */; };
		79529D5D26A4B72500AB7DE9 /* FTNetworkManager.swift in Sources */ = {isa = PBXBuildFile; fileRef = 79529D5C26A4B72500AB7DE9 /* FTNetworkManager.swift */; };
		79529D6626A4BA5400AB7DE9 /* GithubIssueApiModel.swift in Sources */ = {isa = PBXBuildFile; fileRef = 79529D6526A4BA5400AB7DE9 /* GithubIssueApiModel.swift */; };
		79529D7626A4E8ED00AB7DE9 /* GithubRepoApiModel.swift in Sources */ = {isa = PBXBuildFile; fileRef = 79529D7526A4E8ED00AB7DE9 /* GithubRepoApiModel.swift */; };
/* End PBXBuildFile section */

/* Begin PBXContainerItemProxy section */
		79529CD126A2CFF700AB7DE9 /* PBXContainerItemProxy */ = {
			isa = PBXContainerItemProxy;
			containerPortal = 79529CB226A2CFF600AB7DE9 /* Project object */;
			proxyType = 1;
			remoteGlobalIDString = 79529CB926A2CFF600AB7DE9;
			remoteInfo = TheFepiTest;
		};
		79529CDC26A2CFF700AB7DE9 /* PBXContainerItemProxy */ = {
			isa = PBXContainerItemProxy;
			containerPortal = 79529CB226A2CFF600AB7DE9 /* Project object */;
			proxyType = 1;
			remoteGlobalIDString = 79529CB926A2CFF600AB7DE9;
			remoteInfo = TheFepiTest;
		};
/* End PBXContainerItemProxy section */

/* Begin PBXFileReference section */
		79529CBA26A2CFF600AB7DE9 /* TheFepiTest.app */ = {isa = PBXFileReference; explicitFileType = wrapper.application; includeInIndex = 0; path = TheFepiTest.app; sourceTree = BUILT_PRODUCTS_DIR; };
		79529CBD26A2CFF600AB7DE9 /* AppDelegate.swift */ = {isa = PBXFileReference; lastKnownFileType = sourcecode.swift; path = AppDelegate.swift; sourceTree = "<group>"; };
		79529CBF26A2CFF600AB7DE9 /* SceneDelegate.swift */ = {isa = PBXFileReference; lastKnownFileType = sourcecode.swift; path = SceneDelegate.swift; sourceTree = "<group>"; };
		79529CC626A2CFF700AB7DE9 /* Assets.xcassets */ = {isa = PBXFileReference; lastKnownFileType = folder.assetcatalog; path = Assets.xcassets; sourceTree = "<group>"; };
		79529CCB26A2CFF700AB7DE9 /* Info.plist */ = {isa = PBXFileReference; lastKnownFileType = text.plist.xml; path = Info.plist; sourceTree = "<group>"; };
		79529CD026A2CFF700AB7DE9 /* TheFepiTestTests.xctest */ = {isa = PBXFileReference; explicitFileType = wrapper.cfbundle; includeInIndex = 0; path = TheFepiTestTests.xctest; sourceTree = BUILT_PRODUCTS_DIR; };
		79529CD426A2CFF700AB7DE9 /* TheFepiTestTests.swift */ = {isa = PBXFileReference; lastKnownFileType = sourcecode.swift; path = TheFepiTestTests.swift; sourceTree = "<group>"; };
		79529CD626A2CFF700AB7DE9 /* Info.plist */ = {isa = PBXFileReference; lastKnownFileType = text.plist.xml; path = Info.plist; sourceTree = "<group>"; };
		79529CDB26A2CFF700AB7DE9 /* TheFepiTestUITests.xctest */ = {isa = PBXFileReference; explicitFileType = wrapper.cfbundle; includeInIndex = 0; path = TheFepiTestUITests.xctest; sourceTree = BUILT_PRODUCTS_DIR; };
		79529CDF26A2CFF700AB7DE9 /* TheFepiTestUITests.swift */ = {isa = PBXFileReference; lastKnownFileType = sourcecode.swift; path = TheFepiTestUITests.swift; sourceTree = "<group>"; };
		79529CE126A2CFF700AB7DE9 /* Info.plist */ = {isa = PBXFileReference; lastKnownFileType = text.plist.xml; path = Info.plist; sourceTree = "<group>"; };
		79529D1026A2D8A400AB7DE9 /* MainViewController.swift */ = {isa = PBXFileReference; lastKnownFileType = sourcecode.swift; path = MainViewController.swift; sourceTree = "<group>"; };
		79529D1826A344A900AB7DE9 /* MainViewModel.swift */ = {isa = PBXFileReference; lastKnownFileType = sourcecode.swift; path = MainViewModel.swift; sourceTree = "<group>"; };
		79529D1D26A344C900AB7DE9 /* MainViewContract.swift */ = {isa = PBXFileReference; lastKnownFileType = sourcecode.swift; path = MainViewContract.swift; sourceTree = "<group>"; };
		79529D2426A36DD600AB7DE9 /* FTSearchBarView.swift */ = {isa = PBXFileReference; lastKnownFileType = sourcecode.swift; path = FTSearchBarView.swift; sourceTree = "<group>"; };
		79529D2D26A3769F00AB7DE9 /* UISearchBarExtension.swift */ = {isa = PBXFileReference; lastKnownFileType = sourcecode.swift; path = UISearchBarExtension.swift; sourceTree = "<group>"; };
		79529D3526A37AE500AB7DE9 /* UIColorExtension.swift */ = {isa = PBXFileReference; lastKnownFileType = sourcecode.swift; path = UIColorExtension.swift; sourceTree = "<group>"; };
		79529D3A26A4281300AB7DE9 /* FTTabBarView.swift */ = {isa = PBXFileReference; lastKnownFileType = sourcecode.swift; path = FTTabBarView.swift; sourceTree = "<group>"; };
		79529D3F26A478E300AB7DE9 /* SearchResultViewController.swift */ = {isa = PBXFileReference; lastKnownFileType = sourcecode.swift; path = SearchResultViewController.swift; sourceTree = "<group>"; };
		79529D4726A4792E00AB7DE9 /* SearchResultContract.swift */ = {isa = PBXFileReference; lastKnownFileType = sourcecode.swift; path = SearchResultContract.swift; sourceTree = "<group>"; };
		79529D4C26A4793D00AB7DE9 /* SearchResultViewModel.swift */ = {isa = PBXFileReference; lastKnownFileType = sourcecode.swift; path = SearchResultViewModel.swift; sourceTree = "<group>"; };
		79529D5126A47D8700AB7DE9 /* SearchResultDataSource.swift */ = {isa = PBXFileReference; lastKnownFileType = sourcecode.swift; path = SearchResultDataSource.swift; sourceTree = "<group>"; };
		79529D5626A47EAE00AB7DE9 /* FTCardViewCell.swift */ = {isa = PBXFileReference; lastKnownFileType = sourcecode.swift; path = FTCardViewCell.swift; sourceTree = "<group>"; };
		79529D5C26A4B72500AB7DE9 /* FTNetworkManager.swift */ = {isa = PBXFileReference; lastKnownFileType = sourcecode.swift; path = FTNetworkManager.swift; sourceTree = "<group>"; };
		79529D6526A4BA5400AB7DE9 /* GithubIssueApiModel.swift */ = {isa = PBXFileReference; lastKnownFileType = sourcecode.swift; path = GithubIssueApiModel.swift; sourceTree = "<group>"; };
		79529D7526A4E8ED00AB7DE9 /* GithubRepoApiModel.swift */ = {isa = PBXFileReference; lastKnownFileType = sourcecode.swift; path = GithubRepoApiModel.swift; sourceTree = "<group>"; };
/* End PBXFileReference section */

/* Begin PBXFrameworksBuildPhase section */
		79529CB726A2CFF600AB7DE9 /* Frameworks */ = {
			isa = PBXFrameworksBuildPhase;
			buildActionMask = 2147483647;
			files = (
			);
			runOnlyForDeploymentPostprocessing = 0;
		};
		79529CCD26A2CFF700AB7DE9 /* Frameworks */ = {
			isa = PBXFrameworksBuildPhase;
			buildActionMask = 2147483647;
			files = (
			);
			runOnlyForDeploymentPostprocessing = 0;
		};
		79529CD826A2CFF700AB7DE9 /* Frameworks */ = {
			isa = PBXFrameworksBuildPhase;
			buildActionMask = 2147483647;
			files = (
			);
			runOnlyForDeploymentPostprocessing = 0;
		};
/* End PBXFrameworksBuildPhase section */

/* Begin PBXGroup section */
		79529CB126A2CFF600AB7DE9 = {
			isa = PBXGroup;
			children = (
				79529CBC26A2CFF600AB7DE9 /* TheFepiTest */,
				79529CD326A2CFF700AB7DE9 /* TheFepiTestTests */,
				79529CDE26A2CFF700AB7DE9 /* TheFepiTestUITests */,
				79529CBB26A2CFF600AB7DE9 /* Products */,
			);
			sourceTree = "<group>";
		};
		79529CBB26A2CFF600AB7DE9 /* Products */ = {
			isa = PBXGroup;
			children = (
				79529CBA26A2CFF600AB7DE9 /* TheFepiTest.app */,
				79529CD026A2CFF700AB7DE9 /* TheFepiTestTests.xctest */,
				79529CDB26A2CFF700AB7DE9 /* TheFepiTestUITests.xctest */,
			);
			name = Products;
			sourceTree = "<group>";
		};
		79529CBC26A2CFF600AB7DE9 /* TheFepiTest */ = {
			isa = PBXGroup;
			children = (
				79529D2226A36D7300AB7DE9 /* Common */,
				79529D0126A2D67900AB7DE9 /* Main */,
				79529CFA26A2D61500AB7DE9 /* SearchResult */,
				79529CBD26A2CFF600AB7DE9 /* AppDelegate.swift */,
				79529CBF26A2CFF600AB7DE9 /* SceneDelegate.swift */,
				79529CC626A2CFF700AB7DE9 /* Assets.xcassets */,
				79529CCB26A2CFF700AB7DE9 /* Info.plist */,
			);
			path = TheFepiTest;
			sourceTree = "<group>";
		};
		79529CD326A2CFF700AB7DE9 /* TheFepiTestTests */ = {
			isa = PBXGroup;
			children = (
				79529CD426A2CFF700AB7DE9 /* TheFepiTestTests.swift */,
				79529CD626A2CFF700AB7DE9 /* Info.plist */,
			);
			path = TheFepiTestTests;
			sourceTree = "<group>";
		};
		79529CDE26A2CFF700AB7DE9 /* TheFepiTestUITests */ = {
			isa = PBXGroup;
			children = (
				79529CDF26A2CFF700AB7DE9 /* TheFepiTestUITests.swift */,
				79529CE126A2CFF700AB7DE9 /* Info.plist */,
			);
			path = TheFepiTestUITests;
			sourceTree = "<group>";
		};
		79529CFA26A2D61500AB7DE9 /* SearchResult */ = {
			isa = PBXGroup;
			children = (
				79529D3F26A478E300AB7DE9 /* SearchResultViewController.swift */,
				79529D4726A4792E00AB7DE9 /* SearchResultContract.swift */,
				79529D4C26A4793D00AB7DE9 /* SearchResultViewModel.swift */,
				79529D5126A47D8700AB7DE9 /* SearchResultDataSource.swift */,
			);
			path = SearchResult;
			sourceTree = "<group>";
		};
		79529D0126A2D67900AB7DE9 /* Main */ = {
			isa = PBXGroup;
			children = (
				79529D6426A4BA0D00AB7DE9 /* Model */,
				79529D1026A2D8A400AB7DE9 /* MainViewController.swift */,
				79529D1826A344A900AB7DE9 /* MainViewModel.swift */,
				79529D1D26A344C900AB7DE9 /* MainViewContract.swift */,
			);
			path = Main;
			sourceTree = "<group>";
		};
		79529D2226A36D7300AB7DE9 /* Common */ = {
			isa = PBXGroup;
			children = (
				79529D5B26A4B63A00AB7DE9 /* Helper */,
				79529D2C26A3767D00AB7DE9 /* Extension */,
				79529D2326A36D8400AB7DE9 /* View */,
			);
			path = Common;
			sourceTree = "<group>";
		};
		79529D2326A36D8400AB7DE9 /* View */ = {
			isa = PBXGroup;
			children = (
				79529D2426A36DD600AB7DE9 /* FTSearchBarView.swift */,
				79529D3A26A4281300AB7DE9 /* FTTabBarView.swift */,
				79529D5626A47EAE00AB7DE9 /* FTCardViewCell.swift */,
			);
			path = View;
			sourceTree = "<group>";
		};
		79529D2C26A3767D00AB7DE9 /* Extension */ = {
			isa = PBXGroup;
			children = (
				79529D2D26A3769F00AB7DE9 /* UISearchBarExtension.swift */,
				79529D3526A37AE500AB7DE9 /* UIColorExtension.swift */,
			);
			path = Extension;
			sourceTree = "<group>";
		};
		79529D5B26A4B63A00AB7DE9 /* Helper */ = {
			isa = PBXGroup;
			children = (
				79529D5C26A4B72500AB7DE9 /* FTNetworkManager.swift */,
			);
			path = Helper;
			sourceTree = "<group>";
		};
		79529D6426A4BA0D00AB7DE9 /* Model */ = {
			isa = PBXGroup;
			children = (
				79529D6526A4BA5400AB7DE9 /* GithubIssueApiModel.swift */,
				79529D7526A4E8ED00AB7DE9 /* GithubRepoApiModel.swift */,
			);
			path = Model;
			sourceTree = "<group>";
		};
/* End PBXGroup section */

/* Begin PBXNativeTarget section */
		79529CB926A2CFF600AB7DE9 /* TheFepiTest */ = {
			isa = PBXNativeTarget;
			buildConfigurationList = 79529CE426A2CFF700AB7DE9 /* Build configuration list for PBXNativeTarget "TheFepiTest" */;
			buildPhases = (
				79529CB626A2CFF600AB7DE9 /* Sources */,
				79529CB726A2CFF600AB7DE9 /* Frameworks */,
				79529CB826A2CFF600AB7DE9 /* Resources */,
			);
			buildRules = (
			);
			dependencies = (
			);
			name = TheFepiTest;
			productName = TheFepiTest;
			productReference = 79529CBA26A2CFF600AB7DE9 /* TheFepiTest.app */;
			productType = "com.apple.product-type.application";
		};
		79529CCF26A2CFF700AB7DE9 /* TheFepiTestTests */ = {
			isa = PBXNativeTarget;
			buildConfigurationList = 79529CE726A2CFF700AB7DE9 /* Build configuration list for PBXNativeTarget "TheFepiTestTests" */;
			buildPhases = (
				79529CCC26A2CFF700AB7DE9 /* Sources */,
				79529CCD26A2CFF700AB7DE9 /* Frameworks */,
				79529CCE26A2CFF700AB7DE9 /* Resources */,
			);
			buildRules = (
			);
			dependencies = (
				79529CD226A2CFF700AB7DE9 /* PBXTargetDependency */,
			);
			name = TheFepiTestTests;
			productName = TheFepiTestTests;
			productReference = 79529CD026A2CFF700AB7DE9 /* TheFepiTestTests.xctest */;
			productType = "com.apple.product-type.bundle.unit-test";
		};
		79529CDA26A2CFF700AB7DE9 /* TheFepiTestUITests */ = {
			isa = PBXNativeTarget;
			buildConfigurationList = 79529CEA26A2CFF700AB7DE9 /* Build configuration list for PBXNativeTarget "TheFepiTestUITests" */;
			buildPhases = (
				79529CD726A2CFF700AB7DE9 /* Sources */,
				79529CD826A2CFF700AB7DE9 /* Frameworks */,
				79529CD926A2CFF700AB7DE9 /* Resources */,
			);
			buildRules = (
			);
			dependencies = (
				79529CDD26A2CFF700AB7DE9 /* PBXTargetDependency */,
			);
			name = TheFepiTestUITests;
			productName = TheFepiTestUITests;
			productReference = 79529CDB26A2CFF700AB7DE9 /* TheFepiTestUITests.xctest */;
			productType = "com.apple.product-type.bundle.ui-testing";
		};
/* End PBXNativeTarget section */

/* Begin PBXProject section */
		79529CB226A2CFF600AB7DE9 /* Project object */ = {
			isa = PBXProject;
			attributes = {
				LastSwiftUpdateCheck = 1240;
				LastUpgradeCheck = 1240;
				TargetAttributes = {
					79529CB926A2CFF600AB7DE9 = {
						CreatedOnToolsVersion = 12.4;
					};
					79529CCF26A2CFF700AB7DE9 = {
						CreatedOnToolsVersion = 12.4;
						TestTargetID = 79529CB926A2CFF600AB7DE9;
					};
					79529CDA26A2CFF700AB7DE9 = {
						CreatedOnToolsVersion = 12.4;
						TestTargetID = 79529CB926A2CFF600AB7DE9;
					};
				};
			};
			buildConfigurationList = 79529CB526A2CFF600AB7DE9 /* Build configuration list for PBXProject "TheFepiTest" */;
			compatibilityVersion = "Xcode 9.3";
			developmentRegion = en;
			hasScannedForEncodings = 0;
			knownRegions = (
				en,
				Base,
			);
			mainGroup = 79529CB126A2CFF600AB7DE9;
			productRefGroup = 79529CBB26A2CFF600AB7DE9 /* Products */;
			projectDirPath = "";
			projectRoot = "";
			targets = (
				79529CB926A2CFF600AB7DE9 /* TheFepiTest */,
				79529CCF26A2CFF700AB7DE9 /* TheFepiTestTests */,
				79529CDA26A2CFF700AB7DE9 /* TheFepiTestUITests */,
			);
		};
/* End PBXProject section */

/* Begin PBXResourcesBuildPhase section */
		79529CB826A2CFF600AB7DE9 /* Resources */ = {
			isa = PBXResourcesBuildPhase;
			buildActionMask = 2147483647;
			files = (
				79529CC726A2CFF700AB7DE9 /* Assets.xcassets in Resources */,
			);
			runOnlyForDeploymentPostprocessing = 0;
		};
		79529CCE26A2CFF700AB7DE9 /* Resources */ = {
			isa = PBXResourcesBuildPhase;
			buildActionMask = 2147483647;
			files = (
			);
			runOnlyForDeploymentPostprocessing = 0;
		};
		79529CD926A2CFF700AB7DE9 /* Resources */ = {
			isa = PBXResourcesBuildPhase;
			buildActionMask = 2147483647;
			files = (
			);
			runOnlyForDeploymentPostprocessing = 0;
		};
/* End PBXResourcesBuildPhase section */

/* Begin PBXSourcesBuildPhase section */
		79529CB626A2CFF600AB7DE9 /* Sources */ = {
			isa = PBXSourcesBuildPhase;
			buildActionMask = 2147483647;
			files = (
				79529D5726A47EAE00AB7DE9 /* FTCardViewCell.swift in Sources */,
				79529D2526A36DD600AB7DE9 /* FTSearchBarView.swift in Sources */,
				79529D1126A2D8A400AB7DE9 /* MainViewController.swift in Sources */,
				79529D4026A478E300AB7DE9 /* SearchResultViewController.swift in Sources */,
				79529CBE26A2CFF600AB7DE9 /* AppDelegate.swift in Sources */,
				79529D3626A37AE500AB7DE9 /* UIColorExtension.swift in Sources */,
				79529D1E26A344C900AB7DE9 /* MainViewContract.swift in Sources */,
				79529D6626A4BA5400AB7DE9 /* GithubIssueApiModel.swift in Sources */,
				79529D7626A4E8ED00AB7DE9 /* GithubRepoApiModel.swift in Sources */,
				79529CC026A2CFF600AB7DE9 /* SceneDelegate.swift in Sources */,
				79529D5D26A4B72500AB7DE9 /* FTNetworkManager.swift in Sources */,
				79529D4D26A4793D00AB7DE9 /* SearchResultViewModel.swift in Sources */,
				79529D5226A47D8700AB7DE9 /* SearchResultDataSource.swift in Sources */,
				79529D4826A4792E00AB7DE9 /* SearchResultContract.swift in Sources */,
				79529D1926A344A900AB7DE9 /* MainViewModel.swift in Sources */,
				79529D3B26A4281300AB7DE9 /* FTTabBarView.swift in Sources */,
				79529D2E26A3769F00AB7DE9 /* UISearchBarExtension.swift in Sources */,
			);
			runOnlyForDeploymentPostprocessing = 0;
		};
		79529CCC26A2CFF700AB7DE9 /* Sources */ = {
			isa = PBXSourcesBuildPhase;
			buildActionMask = 2147483647;
			files = (
				79529CD526A2CFF700AB7DE9 /* TheFepiTestTests.swift in Sources */,
			);
			runOnlyForDeploymentPostprocessing = 0;
		};
		79529CD726A2CFF700AB7DE9 /* Sources */ = {
			isa = PBXSourcesBuildPhase;
			buildActionMask = 2147483647;
			files = (
				79529CE026A2CFF700AB7DE9 /* TheFepiTestUITests.swift in Sources */,
			);
			runOnlyForDeploymentPostprocessing = 0;
		};
/* End PBXSourcesBuildPhase section */

/* Begin PBXTargetDependency section */
		79529CD226A2CFF700AB7DE9 /* PBXTargetDependency */ = {
			isa = PBXTargetDependency;
			target = 79529CB926A2CFF600AB7DE9 /* TheFepiTest */;
			targetProxy = 79529CD126A2CFF700AB7DE9 /* PBXContainerItemProxy */;
		};
		79529CDD26A2CFF700AB7DE9 /* PBXTargetDependency */ = {
			isa = PBXTargetDependency;
			target = 79529CB926A2CFF600AB7DE9 /* TheFepiTest */;
			targetProxy = 79529CDC26A2CFF700AB7DE9 /* PBXContainerItemProxy */;
		};
/* End PBXTargetDependency section */

/* Begin XCBuildConfiguration section */
		79529CE226A2CFF700AB7DE9 /* Debug */ = {
			isa = XCBuildConfiguration;
			buildSettings = {
				ALWAYS_SEARCH_USER_PATHS = NO;
				CLANG_ANALYZER_NONNULL = YES;
				CLANG_ANALYZER_NUMBER_OBJECT_CONVERSION = YES_AGGRESSIVE;
				CLANG_CXX_LANGUAGE_STANDARD = "gnu++14";
				CLANG_CXX_LIBRARY = "libc++";
				CLANG_ENABLE_MODULES = YES;
				CLANG_ENABLE_OBJC_ARC = YES;
				CLANG_ENABLE_OBJC_WEAK = YES;
				CLANG_WARN_BLOCK_CAPTURE_AUTORELEASING = YES;
				CLANG_WARN_BOOL_CONVERSION = YES;
				CLANG_WARN_COMMA = YES;
				CLANG_WARN_CONSTANT_CONVERSION = YES;
				CLANG_WARN_DEPRECATED_OBJC_IMPLEMENTATIONS = YES;
				CLANG_WARN_DIRECT_OBJC_ISA_USAGE = YES_ERROR;
				CLANG_WARN_DOCUMENTATION_COMMENTS = YES;
				CLANG_WARN_EMPTY_BODY = YES;
				CLANG_WARN_ENUM_CONVERSION = YES;
				CLANG_WARN_INFINITE_RECURSION = YES;
				CLANG_WARN_INT_CONVERSION = YES;
				CLANG_WARN_NON_LITERAL_NULL_CONVERSION = YES;
				CLANG_WARN_OBJC_IMPLICIT_RETAIN_SELF = YES;
				CLANG_WARN_OBJC_LITERAL_CONVERSION = YES;
				CLANG_WARN_OBJC_ROOT_CLASS = YES_ERROR;
				CLANG_WARN_QUOTED_INCLUDE_IN_FRAMEWORK_HEADER = YES;
				CLANG_WARN_RANGE_LOOP_ANALYSIS = YES;
				CLANG_WARN_STRICT_PROTOTYPES = YES;
				CLANG_WARN_SUSPICIOUS_MOVE = YES;
				CLANG_WARN_UNGUARDED_AVAILABILITY = YES_AGGRESSIVE;
				CLANG_WARN_UNREACHABLE_CODE = YES;
				CLANG_WARN__DUPLICATE_METHOD_MATCH = YES;
				COPY_PHASE_STRIP = NO;
				DEBUG_INFORMATION_FORMAT = dwarf;
				ENABLE_STRICT_OBJC_MSGSEND = YES;
				ENABLE_TESTABILITY = YES;
				GCC_C_LANGUAGE_STANDARD = gnu11;
				GCC_DYNAMIC_NO_PIC = NO;
				GCC_NO_COMMON_BLOCKS = YES;
				GCC_OPTIMIZATION_LEVEL = 0;
				GCC_PREPROCESSOR_DEFINITIONS = (
					"DEBUG=1",
					"$(inherited)",
				);
				GCC_WARN_64_TO_32_BIT_CONVERSION = YES;
				GCC_WARN_ABOUT_RETURN_TYPE = YES_ERROR;
				GCC_WARN_UNDECLARED_SELECTOR = YES;
				GCC_WARN_UNINITIALIZED_AUTOS = YES_AGGRESSIVE;
				GCC_WARN_UNUSED_FUNCTION = YES;
				GCC_WARN_UNUSED_VARIABLE = YES;
				IPHONEOS_DEPLOYMENT_TARGET = 14.4;
				MTL_ENABLE_DEBUG_INFO = INCLUDE_SOURCE;
				MTL_FAST_MATH = YES;
				ONLY_ACTIVE_ARCH = YES;
				SDKROOT = iphoneos;
				SWIFT_ACTIVE_COMPILATION_CONDITIONS = DEBUG;
				SWIFT_OPTIMIZATION_LEVEL = "-Onone";
			};
			name = Debug;
		};
		79529CE326A2CFF700AB7DE9 /* Release */ = {
			isa = XCBuildConfiguration;
			buildSettings = {
				ALWAYS_SEARCH_USER_PATHS = NO;
				CLANG_ANALYZER_NONNULL = YES;
				CLANG_ANALYZER_NUMBER_OBJECT_CONVERSION = YES_AGGRESSIVE;
				CLANG_CXX_LANGUAGE_STANDARD = "gnu++14";
				CLANG_CXX_LIBRARY = "libc++";
				CLANG_ENABLE_MODULES = YES;
				CLANG_ENABLE_OBJC_ARC = YES;
				CLANG_ENABLE_OBJC_WEAK = YES;
				CLANG_WARN_BLOCK_CAPTURE_AUTORELEASING = YES;
				CLANG_WARN_BOOL_CONVERSION = YES;
				CLANG_WARN_COMMA = YES;
				CLANG_WARN_CONSTANT_CONVERSION = YES;
				CLANG_WARN_DEPRECATED_OBJC_IMPLEMENTATIONS = YES;
				CLANG_WARN_DIRECT_OBJC_ISA_USAGE = YES_ERROR;
				CLANG_WARN_DOCUMENTATION_COMMENTS = YES;
				CLANG_WARN_EMPTY_BODY = YES;
				CLANG_WARN_ENUM_CONVERSION = YES;
				CLANG_WARN_INFINITE_RECURSION = YES;
				CLANG_WARN_INT_CONVERSION = YES;
				CLANG_WARN_NON_LITERAL_NULL_CONVERSION = YES;
				CLANG_WARN_OBJC_IMPLICIT_RETAIN_SELF = YES;
				CLANG_WARN_OBJC_LITERAL_CONVERSION = YES;
				CLANG_WARN_OBJC_ROOT_CLASS = YES_ERROR;
				CLANG_WARN_QUOTED_INCLUDE_IN_FRAMEWORK_HEADER = YES;
				CLANG_WARN_RANGE_LOOP_ANALYSIS = YES;
				CLANG_WARN_STRICT_PROTOTYPES = YES;
				CLANG_WARN_SUSPICIOUS_MOVE = YES;
				CLANG_WARN_UNGUARDED_AVAILABILITY = YES_AGGRESSIVE;
				CLANG_WARN_UNREACHABLE_CODE = YES;
				CLANG_WARN__DUPLICATE_METHOD_MATCH = YES;
				COPY_PHASE_STRIP = NO;
				DEBUG_INFORMATION_FORMAT = "dwarf-with-dsym";
				ENABLE_NS_ASSERTIONS = NO;
				ENABLE_STRICT_OBJC_MSGSEND = YES;
				GCC_C_LANGUAGE_STANDARD = gnu11;
				GCC_NO_COMMON_BLOCKS = YES;
				GCC_WARN_64_TO_32_BIT_CONVERSION = YES;
				GCC_WARN_ABOUT_RETURN_TYPE = YES_ERROR;
				GCC_WARN_UNDECLARED_SELECTOR = YES;
				GCC_WARN_UNINITIALIZED_AUTOS = YES_AGGRESSIVE;
				GCC_WARN_UNUSED_FUNCTION = YES;
				GCC_WARN_UNUSED_VARIABLE = YES;
				IPHONEOS_DEPLOYMENT_TARGET = 14.4;
				MTL_ENABLE_DEBUG_INFO = NO;
				MTL_FAST_MATH = YES;
				SDKROOT = iphoneos;
				SWIFT_COMPILATION_MODE = wholemodule;
				SWIFT_OPTIMIZATION_LEVEL = "-O";
				VALIDATE_PRODUCT = YES;
			};
			name = Release;
		};
		79529CE526A2CFF700AB7DE9 /* Debug */ = {
			isa = XCBuildConfiguration;
			buildSettings = {
				ASSETCATALOG_COMPILER_APPICON_NAME = AppIcon;
				ASSETCATALOG_COMPILER_GLOBAL_ACCENT_COLOR_NAME = AccentColor;
				CODE_SIGN_STYLE = Automatic;
				DEVELOPMENT_TEAM = C2L48MXK6U;
				INFOPLIST_FILE = TheFepiTest/Info.plist;
				LD_RUNPATH_SEARCH_PATHS = (
					"$(inherited)",
					"@executable_path/Frameworks",
				);
				PRODUCT_BUNDLE_IDENTIFIER = com.stefano.TheFepiTest;
				PRODUCT_NAME = "$(TARGET_NAME)";
				SWIFT_VERSION = 5.0;
				TARGETED_DEVICE_FAMILY = "1,2";
			};
			name = Debug;
		};
		79529CE626A2CFF700AB7DE9 /* Release */ = {
			isa = XCBuildConfiguration;
			buildSettings = {
				ASSETCATALOG_COMPILER_APPICON_NAME = AppIcon;
				ASSETCATALOG_COMPILER_GLOBAL_ACCENT_COLOR_NAME = AccentColor;
				CODE_SIGN_STYLE = Automatic;
				DEVELOPMENT_TEAM = C2L48MXK6U;
				INFOPLIST_FILE = TheFepiTest/Info.plist;
				LD_RUNPATH_SEARCH_PATHS = (
					"$(inherited)",
					"@executable_path/Frameworks",
				);
				PRODUCT_BUNDLE_IDENTIFIER = com.stefano.TheFepiTest;
				PRODUCT_NAME = "$(TARGET_NAME)";
				SWIFT_VERSION = 5.0;
				TARGETED_DEVICE_FAMILY = "1,2";
			};
			name = Release;
		};
		79529CE826A2CFF700AB7DE9 /* Debug */ = {
			isa = XCBuildConfiguration;
			buildSettings = {
				ALWAYS_EMBED_SWIFT_STANDARD_LIBRARIES = YES;
				BUNDLE_LOADER = "$(TEST_HOST)";
				CODE_SIGN_STYLE = Automatic;
				DEVELOPMENT_TEAM = C2L48MXK6U;
				INFOPLIST_FILE = TheFepiTestTests/Info.plist;
				IPHONEOS_DEPLOYMENT_TARGET = 14.4;
				LD_RUNPATH_SEARCH_PATHS = (
					"$(inherited)",
					"@executable_path/Frameworks",
					"@loader_path/Frameworks",
				);
				PRODUCT_BUNDLE_IDENTIFIER = com.stefano.TheFepiTestTests;
				PRODUCT_NAME = "$(TARGET_NAME)";
				SWIFT_VERSION = 5.0;
				TARGETED_DEVICE_FAMILY = "1,2";
				TEST_HOST = "$(BUILT_PRODUCTS_DIR)/TheFepiTest.app/TheFepiTest";
			};
			name = Debug;
		};
		79529CE926A2CFF700AB7DE9 /* Release */ = {
			isa = XCBuildConfiguration;
			buildSettings = {
				ALWAYS_EMBED_SWIFT_STANDARD_LIBRARIES = YES;
				BUNDLE_LOADER = "$(TEST_HOST)";
				CODE_SIGN_STYLE = Automatic;
				DEVELOPMENT_TEAM = C2L48MXK6U;
				INFOPLIST_FILE = TheFepiTestTests/Info.plist;
				IPHONEOS_DEPLOYMENT_TARGET = 14.4;
				LD_RUNPATH_SEARCH_PATHS = (
					"$(inherited)",
					"@executable_path/Frameworks",
					"@loader_path/Frameworks",
				);
				PRODUCT_BUNDLE_IDENTIFIER = com.stefano.TheFepiTestTests;
				PRODUCT_NAME = "$(TARGET_NAME)";
				SWIFT_VERSION = 5.0;
				TARGETED_DEVICE_FAMILY = "1,2";
				TEST_HOST = "$(BUILT_PRODUCTS_DIR)/TheFepiTest.app/TheFepiTest";
			};
			name = Release;
		};
		79529CEB26A2CFF700AB7DE9 /* Debug */ = {
			isa = XCBuildConfiguration;
			buildSettings = {
				ALWAYS_EMBED_SWIFT_STANDARD_LIBRARIES = YES;
				CODE_SIGN_STYLE = Automatic;
				DEVELOPMENT_TEAM = C2L48MXK6U;
				INFOPLIST_FILE = TheFepiTestUITests/Info.plist;
				LD_RUNPATH_SEARCH_PATHS = (
					"$(inherited)",
					"@executable_path/Frameworks",
					"@loader_path/Frameworks",
				);
				PRODUCT_BUNDLE_IDENTIFIER = com.stefano.TheFepiTestUITests;
				PRODUCT_NAME = "$(TARGET_NAME)";
				SWIFT_VERSION = 5.0;
				TARGETED_DEVICE_FAMILY = "1,2";
				TEST_TARGET_NAME = TheFepiTest;
			};
			name = Debug;
		};
		79529CEC26A2CFF700AB7DE9 /* Release */ = {
			isa = XCBuildConfiguration;
			buildSettings = {
				ALWAYS_EMBED_SWIFT_STANDARD_LIBRARIES = YES;
				CODE_SIGN_STYLE = Automatic;
				DEVELOPMENT_TEAM = C2L48MXK6U;
				INFOPLIST_FILE = TheFepiTestUITests/Info.plist;
				LD_RUNPATH_SEARCH_PATHS = (
					"$(inherited)",
					"@executable_path/Frameworks",
					"@loader_path/Frameworks",
				);
				PRODUCT_BUNDLE_IDENTIFIER = com.stefano.TheFepiTestUITests;
				PRODUCT_NAME = "$(TARGET_NAME)";
				SWIFT_VERSION = 5.0;
				TARGETED_DEVICE_FAMILY = "1,2";
				TEST_TARGET_NAME = TheFepiTest;
			};
			name = Release;
		};
/* End XCBuildConfiguration section */

/* Begin XCConfigurationList section */
		79529CB526A2CFF600AB7DE9 /* Build configuration list for PBXProject "TheFepiTest" */ = {
			isa = XCConfigurationList;
			buildConfigurations = (
				79529CE226A2CFF700AB7DE9 /* Debug */,
				79529CE326A2CFF700AB7DE9 /* Release */,
			);
			defaultConfigurationIsVisible = 0;
			defaultConfigurationName = Release;
		};
		79529CE426A2CFF700AB7DE9 /* Build configuration list for PBXNativeTarget "TheFepiTest" */ = {
			isa = XCConfigurationList;
			buildConfigurations = (
				79529CE526A2CFF700AB7DE9 /* Debug */,
				79529CE626A2CFF700AB7DE9 /* Release */,
			);
			defaultConfigurationIsVisible = 0;
			defaultConfigurationName = Release;
		};
		79529CE726A2CFF700AB7DE9 /* Build configuration list for PBXNativeTarget "TheFepiTestTests" */ = {
			isa = XCConfigurationList;
			buildConfigurations = (
				79529CE826A2CFF700AB7DE9 /* Debug */,
				79529CE926A2CFF700AB7DE9 /* Release */,
			);
			defaultConfigurationIsVisible = 0;
			defaultConfigurationName = Release;
		};
		79529CEA26A2CFF700AB7DE9 /* Build configuration list for PBXNativeTarget "TheFepiTestUITests" */ = {
			isa = XCConfigurationList;
			buildConfigurations = (
				79529CEB26A2CFF700AB7DE9 /* Debug */,
				79529CEC26A2CFF700AB7DE9 /* Release */,
			);
			defaultConfigurationIsVisible = 0;
			defaultConfigurationName = Release;
		};
/* End XCConfigurationList section */
	};
	rootObject = 79529CB226A2CFF600AB7DE9 /* Project object */;
}
